{
  "name": "the-fig-chrome-extention",
  "version": "1.0.0",
  "lockfileVersion": 1,
  "requires": true,
  "dependencies": {
    "@nlpjs/core": {
      "version": "4.14.0",
      "resolved": "https://registry.npmjs.org/@nlpjs/core/-/core-4.14.0.tgz",
      "integrity": "sha512-hrkMKzqcZMNQbQdC/0MJLk0f62XbUKSUSep5XoLfpAqzTi3yv9ILa1Y888klSwZYIeCha7GzwjWsyFvKm6L7yg=="
    },
    "@nlpjs/lang-en-min": {
      "version": "4.14.0",
      "resolved": "https://registry.npmjs.org/@nlpjs/lang-en-min/-/lang-en-min-4.14.0.tgz",
      "integrity": "sha512-GL0pDLlOeDhfDBN6hTOp2DyGJOuOZ21fJZLv/fMWVpqvlAvWvZCTYTVHkvVwOmKUyaYu27Wt0dopyJNYxwXE9w==",
      "requires": {
        "@nlpjs/core": "^4.14.0"
      }
    },
    "@nlpjs/language-min": {
      "version": "4.6.0",
      "resolved": "https://registry.npmjs.org/@nlpjs/language-min/-/language-min-4.6.0.tgz",
      "integrity": "sha512-WuWv7oCih/Eajj//A7kCn6Q6AelQEvwY7clF2M9bolXujLjh/J0GLE7sGnau8gmV5LdN4ZVbiNUpqdaz1F63ow=="
    },
    "@nlpjs/ner": {
      "version": "4.14.3",
      "resolved": "https://registry.npmjs.org/@nlpjs/ner/-/ner-4.14.3.tgz",
      "integrity": "sha512-64lTm+DMJTKpA2R2d4PwVY0c79rqaZhbjColk5TLiB0+VrNBSiLUkOy+pjgdkIBHs4X95PHgGCgrM2XaYU1HSg==",
      "requires": {
        "@nlpjs/core": "^4.14.0",
        "@nlpjs/language-min": "^4.6.0",
        "@nlpjs/similarity": "^4.14.0"
      }
    },
    "@nlpjs/neural": {
      "version": "4.12.0",
      "resolved": "https://registry.npmjs.org/@nlpjs/neural/-/neural-4.12.0.tgz",
      "integrity": "sha512-ESAtCA3UfrPxiQxUw+douW2JywoZawkLtPC3sOxXDr+B+fpz+mAQBZ3rPp0JPpF3Si8Eo/SGbYhiPz07YpK7zA=="
    },
    "@nlpjs/nlg": {
      "version": "4.14.0",
      "resolved": "https://registry.npmjs.org/@nlpjs/nlg/-/nlg-4.14.0.tgz",
      "integrity": "sha512-lboaCFscZ1neI+qF4YaXBfRgnQMrukThYqXShetHV2JdARC9niQlicSNckdydlRPAjJcKROybU2CV0yEfI623Q==",
      "requires": {
        "@nlpjs/core": "^4.14.0"
      }
    },
    "@nlpjs/nlp": {
      "version": "4.15.0",
      "resolved": "https://registry.npmjs.org/@nlpjs/nlp/-/nlp-4.15.0.tgz",
      "integrity": "sha512-12R9UCWHz79DSTYAPEdqL2b9Jo3kXzOF3LmcnNYvVVQU5aLZejJU7cgc/IvvFoE2c+XyL92bDBman3sj88WRZg==",
      "requires": {
        "@nlpjs/core": "^4.14.0",
        "@nlpjs/ner": "^4.14.3",
        "@nlpjs/nlg": "^4.14.0",
        "@nlpjs/nlu": "^4.15.0",
        "@nlpjs/sentiment": "^4.14.1",
        "@nlpjs/slot": "^4.9.2"
      }
    },
    "@nlpjs/nlu": {
      "version": "4.15.0",
      "resolved": "https://registry.npmjs.org/@nlpjs/nlu/-/nlu-4.15.0.tgz",
      "integrity": "sha512-z6iY5cTu1k/cJRYZoY54yaFCqB7AkqlfdvpdSkeWF1sJK8G/4o9B80ueczSWFyK8+hmkyUECzrs7+eSHshFSNg==",
      "requires": {
        "@nlpjs/core": "^4.14.0",
        "@nlpjs/language-min": "^4.6.0",
        "@nlpjs/neural": "^4.12.0",
        "@nlpjs/similarity": "^4.14.0"
      }
    },
    "@nlpjs/sentiment": {
      "version": "4.14.1",
      "resolved": "https://registry.npmjs.org/@nlpjs/sentiment/-/sentiment-4.14.1.tgz",
      "integrity": "sha512-FVQbblWHjHI1ao0ioByCUm7Xb6P3PwXycriofRaoG3oil4FwyCEWqhCq+YTx1o/4DNTpoft+UriGemPB8z1x1Q==",
      "requires": {
        "@nlpjs/core": "^4.14.0",
        "@nlpjs/language-min": "^4.6.0",
        "@nlpjs/neural": "^4.12.0"
      }
    },
    "@nlpjs/similarity": {
      "version": "4.14.0",
      "resolved": "https://registry.npmjs.org/@nlpjs/similarity/-/similarity-4.14.0.tgz",
      "integrity": "sha512-oClhAmkP6VVavwdW6O+rTU15FXzvp0zec3sDtTRdB8nmEFisSMo5M9Y9fkDSXF8XfVuCtsR6BMQK7+5XlDxl/g=="
    },
    "@nlpjs/slot": {
      "version": "4.9.2",
      "resolved": "https://registry.npmjs.org/@nlpjs/slot/-/slot-4.9.2.tgz",
      "integrity": "sha512-52XRjkxktF62QErwNKZBb/JEaUUXVJmQHxJlHocl2NZ6YhDAt1kY2/YnoPgnpupem58YoLeNnMpFt4AzbojIhA=="
    }
  }
}
